Microsoft Visual Studio Solution File, Format Version 12.00
# Visual Studio 2012
Project("{FAE04EC0-301F-11D3-BF4B-00C04F79EFBC}") = "ListVewFiller", "ListVewFiller.csproj", "{DD2B7D4E-202D-4F92-A7A0-2D3E524C4328}"
EndProject
Global
	GlobalSection(SolutionConfigurationPlatforms) = preSolution
		Debug|Any CPU = Debug|Any CPU
		Release|Any CPU = Release|Any CPU
	EndGlobalSection
	GlobalSection(ProjectConfigurationPlatforms) = postSolution
		{DD2B7D4E-202D-4F92-A7A0-2D3E524C4328}.Debug|Any CPU.ActiveCfg = Debug|Any CPU
		{DD2B7D4E-202D-4F92-A7A0-2D3E524C4328}.Debug|Any CPU.Build.0 = Debug|Any CPU
		{DD2B7D4E-202D-4F92-A7A0-2D3E524C4328}.Release|Any CPU.ActiveCfg = Release|Any CPU
		{DD2B7D4E-202D-4F92-A7A0-2D3E524C4328}.Release|Any CPU.Build.0 = Release|Any CPU
	EndGlobalSection
	GlobalSection(SolutionProperties) = preSolution
		HideSolutionNode = FALSE
	EndGlobalSection
EndGlobal
